// !$*UTF8*$!
{
	archiveVersion = 1;
	classes = {
	};
	objectVersion = 51;
	objects = {

/* Begin PBXBuildFile section */
		8013A11FF8419F7FE36E4201 /* Pods_Instant_Instructor.framework in Frameworks */ = {isa = PBXBuildFile; fileRef = E257C369B87350EC6970FACB /* Pods_Instant_Instructor.framework */; };
		C523F01824B786B20079035A /* AppDelegate.swift in Sources */ = {isa = PBXBuildFile; fileRef = C523F01724B786B20079035A /* AppDelegate.swift */; };
		C523F01A24B786B20079035A /* SceneDelegate.swift in Sources */ = {isa = PBXBuildFile; fileRef = C523F01924B786B20079035A /* SceneDelegate.swift */; };
		C523F01F24B786B20079035A /* Main.storyboard in Resources */ = {isa = PBXBuildFile; fileRef = C523F01D24B786B20079035A /* Main.storyboard */; };
		C523F02124B786BB0079035A /* Assets.xcassets in Resources */ = {isa = PBXBuildFile; fileRef = C523F02024B786BB0079035A /* Assets.xcassets */; };
		C523F02424B786BB0079035A /* LaunchScreen.storyboard in Resources */ = {isa = PBXBuildFile; fileRef = C523F02224B786BB0079035A /* LaunchScreen.storyboard */; };
		C53E319A24DCBA73008F2322 /* User.swift in Sources */ = {isa = PBXBuildFile; fileRef = C53E319924DCBA73008F2322 /* User.swift */; };
		C53E31A024DE2278008F2322 /* Instructor.swift in Sources */ = {isa = PBXBuildFile; fileRef = C53E319F24DE2277008F2322 /* Instructor.swift */; };
		C53E31CA24E19DC9008F2322 /* Conversation.swift in Sources */ = {isa = PBXBuildFile; fileRef = C53E31C924E19DC9008F2322 /* Conversation.swift */; };
		C540AE3B24D63EF40032545E /* K.swift in Sources */ = {isa = PBXBuildFile; fileRef = C540AE3A24D63EF30032545E /* K.swift */; };
		C540AE3E24D6516D0032545E /* MessageCell.swift in Sources */ = {isa = PBXBuildFile; fileRef = C540AE3C24D6516D0032545E /* MessageCell.swift */; };
		C540AE3F24D6516D0032545E /* MessageCell.xib in Resources */ = {isa = PBXBuildFile; fileRef = C540AE3D24D6516D0032545E /* MessageCell.xib */; };
		C540AE4124D8A94A0032545E /* MessageChoiceViewController.swift in Sources */ = {isa = PBXBuildFile; fileRef = C540AE4024D8A9490032545E /* MessageChoiceViewController.swift */; };
		C540AE4424D8AAA80032545E /* MessageChoiceCell.swift in Sources */ = {isa = PBXBuildFile; fileRef = C540AE4224D8AAA80032545E /* MessageChoiceCell.swift */; };
		C540AE4524D8AAA80032545E /* MessageChoiceCell.xib in Resources */ = {isa = PBXBuildFile; fileRef = C540AE4324D8AAA80032545E /* MessageChoiceCell.xib */; };
		C540AE4724D905BA0032545E /* InstructorProfileViewController.swift in Sources */ = {isa = PBXBuildFile; fileRef = C540AE4624D905BA0032545E /* InstructorProfileViewController.swift */; };
		C540AE4924D9BBFF0032545E /* NewConversationViewController.swift in Sources */ = {isa = PBXBuildFile; fileRef = C540AE4824D9BBFE0032545E /* NewConversationViewController.swift */; };
		C540AE4B24D9C29E0032545E /* SearchViewController.swift in Sources */ = {isa = PBXBuildFile; fileRef = C540AE4A24D9C29E0032545E /* SearchViewController.swift */; };
		C540AE4E24D9D72A0032545E /* InstructorChoiceCell.swift in Sources */ = {isa = PBXBuildFile; fileRef = C540AE4C24D9D72A0032545E /* InstructorChoiceCell.swift */; };
		C540AE4F24D9D72A0032545E /* InstructorChoiceCell.xib in Resources */ = {isa = PBXBuildFile; fileRef = C540AE4D24D9D72A0032545E /* InstructorChoiceCell.xib */; };
		C54A9EE624E7258300878DB8 /* ConversationFiltersViewController.swift in Sources */ = {isa = PBXBuildFile; fileRef = C54A9EE524E7258300878DB8 /* ConversationFiltersViewController.swift */; };
		C559821824C129B700156093 /* Message.swift in Sources */ = {isa = PBXBuildFile; fileRef = C559821724C129B700156093 /* Message.swift */; };
		C559822324C367F700156093 /* MessageViewController.swift in Sources */ = {isa = PBXBuildFile; fileRef = C559822224C367F700156093 /* MessageViewController.swift */; };
		C559822B24CA9AC000156093 /* Default-568h@2x.png in Resources */ = {isa = PBXBuildFile; fileRef = C559822A24CA9ABF00156093 /* Default-568h@2x.png */; };
		C56A620524CC997B0001D957 /* SearchFilterViewController.swift in Sources */ = {isa = PBXBuildFile; fileRef = C56A620424CC997A0001D957 /* SearchFilterViewController.swift */; };
		C56A620724CC99930001D957 /* YourProfileViewController.swift in Sources */ = {isa = PBXBuildFile; fileRef = C56A620624CC99930001D957 /* YourProfileViewController.swift */; };
		C56A620924CC99AC0001D957 /* EditProfileViewController.swift in Sources */ = {isa = PBXBuildFile; fileRef = C56A620824CC99AC0001D957 /* EditProfileViewController.swift */; };
		C56A620B24D085C50001D957 /* LocationUpdater.swift in Sources */ = {isa = PBXBuildFile; fileRef = C56A620A24D085C50001D957 /* LocationUpdater.swift */; };
		C56A620F24D0E5480001D957 /* WelcomeViewController.swift in Sources */ = {isa = PBXBuildFile; fileRef = C56A620E24D0E5470001D957 /* WelcomeViewController.swift */; };
		C5ECD9F824D2115600B7A893 /* GoogleService-Info.plist in Resources */ = {isa = PBXBuildFile; fileRef = C5ECD9F724D2115600B7A893 /* GoogleService-Info.plist */; };
		C5ECD9FA24D25B0700B7A893 /* RegisterViewController.swift in Sources */ = {isa = PBXBuildFile; fileRef = C5ECD9F924D25B0700B7A893 /* RegisterViewController.swift */; };
		C5ECD9FC24D32CDC00B7A893 /* UIView+Designable.swift in Sources */ = {isa = PBXBuildFile; fileRef = C5ECD9FB24D32CDC00B7A893 /* UIView+Designable.swift */; };
		C5ECD9FE24D3313600B7A893 /* LoginViewController.swift in Sources */ = {isa = PBXBuildFile; fileRef = C5ECD9FD24D3313600B7A893 /* LoginViewController.swift */; };
		C5ECDA0024D3787800B7A893 /* InstructorViewController.swift in Sources */ = {isa = PBXBuildFile; fileRef = C5ECD9FF24D3787700B7A893 /* InstructorViewController.swift */; };
		C5ECDA0224D37C8200B7A893 /* CertificationViewController.swift in Sources */ = {isa = PBXBuildFile; fileRef = C5ECDA0124D37C8100B7A893 /* CertificationViewController.swift */; };
		C5ECDA0424D37CB300B7A893 /* WorkViewController.swift in Sources */ = {isa = PBXBuildFile; fileRef = C5ECDA0324D37CB300B7A893 /* WorkViewController.swift */; };
/* End PBXBuildFile section */

/* Begin PBXFileReference section */
		1A322CCDD392665AC1FF9665 /* Pods-Instant Instructor.debug.xcconfig */ = {isa = PBXFileReference; includeInIndex = 1; lastKnownFileType = text.xcconfig; name = "Pods-Instant Instructor.debug.xcconfig"; path = "Target Support Files/Pods-Instant Instructor/Pods-Instant Instructor.debug.xcconfig"; sourceTree = "<group>"; };
		4EC57CE9CF80F5365DC25D7B /* Pods-Instant Instructor.release.xcconfig */ = {isa = PBXFileReference; includeInIndex = 1; lastKnownFileType = text.xcconfig; name = "Pods-Instant Instructor.release.xcconfig"; path = "Target Support Files/Pods-Instant Instructor/Pods-Instant Instructor.release.xcconfig"; sourceTree = "<group>"; };
		C523F01424B786B20079035A /* Instant Instructor.app */ = {isa = PBXFileReference; explicitFileType = wrapper.application; includeInIndex = 0; path = "Instant Instructor.app"; sourceTree = BUILT_PRODUCTS_DIR; };
		C523F01724B786B20079035A /* AppDelegate.swift */ = {isa = PBXFileReference; lastKnownFileType = sourcecode.swift; path = AppDelegate.swift; sourceTree = "<group>"; };
		C523F01924B786B20079035A /* SceneDelegate.swift */ = {isa = PBXFileReference; lastKnownFileType = sourcecode.swift; path = SceneDelegate.swift; sourceTree = "<group>"; };
		C523F01E24B786B20079035A /* Base */ = {isa = PBXFileReference; lastKnownFileType = file.storyboard; name = Base; path = Base.lproj/Main.storyboard; sourceTree = "<group>"; };
		C523F02024B786BB0079035A /* Assets.xcassets */ = {isa = PBXFileReference; lastKnownFileType = folder.assetcatalog; path = Assets.xcassets; sourceTree = "<group>"; };
		C523F02324B786BB0079035A /* Base */ = {isa = PBXFileReference; lastKnownFileType = file.storyboard; name = Base; path = Base.lproj/LaunchScreen.storyboard; sourceTree = "<group>"; };
		C523F02524B786BB0079035A /* Info.plist */ = {isa = PBXFileReference; lastKnownFileType = text.plist.xml; path = Info.plist; sourceTree = "<group>"; };
		C53E319924DCBA73008F2322 /* User.swift */ = {isa = PBXFileReference; lastKnownFileType = sourcecode.swift; path = User.swift; sourceTree = "<group>"; };
		C53E319F24DE2277008F2322 /* Instructor.swift */ = {isa = PBXFileReference; lastKnownFileType = sourcecode.swift; path = Instructor.swift; sourceTree = "<group>"; };
		C53E31C924E19DC9008F2322 /* Conversation.swift */ = {isa = PBXFileReference; lastKnownFileType = sourcecode.swift; path = Conversation.swift; sourceTree = "<group>"; };
		C540AE3A24D63EF30032545E /* K.swift */ = {isa = PBXFileReference; lastKnownFileType = sourcecode.swift; path = K.swift; sourceTree = "<group>"; };
		C540AE3C24D6516D0032545E /* MessageCell.swift */ = {isa = PBXFileReference; lastKnownFileType = sourcecode.swift; path = MessageCell.swift; sourceTree = "<group>"; };
		C540AE3D24D6516D0032545E /* MessageCell.xib */ = {isa = PBXFileReference; lastKnownFileType = file.xib; path = MessageCell.xib; sourceTree = "<group>"; };
		C540AE4024D8A9490032545E /* MessageChoiceViewController.swift */ = {isa = PBXFileReference; lastKnownFileType = sourcecode.swift; path = MessageChoiceViewController.swift; sourceTree = "<group>"; };
		C540AE4224D8AAA80032545E /* MessageChoiceCell.swift */ = {isa = PBXFileReference; lastKnownFileType = sourcecode.swift; path = MessageChoiceCell.swift; sourceTree = "<group>"; };
		C540AE4324D8AAA80032545E /* MessageChoiceCell.xib */ = {isa = PBXFileReference; lastKnownFileType = file.xib; path = MessageChoiceCell.xib; sourceTree = "<group>"; };
		C540AE4624D905BA0032545E /* InstructorProfileViewController.swift */ = {isa = PBXFileReference; lastKnownFileType = sourcecode.swift; path = InstructorProfileViewController.swift; sourceTree = "<group>"; };
		C540AE4824D9BBFE0032545E /* NewConversationViewController.swift */ = {isa = PBXFileReference; lastKnownFileType = sourcecode.swift; path = NewConversationViewController.swift; sourceTree = "<group>"; };
		C540AE4A24D9C29E0032545E /* SearchViewController.swift */ = {isa = PBXFileReference; lastKnownFileType = sourcecode.swift; path = SearchViewController.swift; sourceTree = "<group>"; };
		C540AE4C24D9D72A0032545E /* InstructorChoiceCell.swift */ = {isa = PBXFileReference; lastKnownFileType = sourcecode.swift; path = InstructorChoiceCell.swift; sourceTree = "<group>"; };
		C540AE4D24D9D72A0032545E /* InstructorChoiceCell.xib */ = {isa = PBXFileReference; lastKnownFileType = file.xib; path = InstructorChoiceCell.xib; sourceTree = "<group>"; };
		C54A9EE524E7258300878DB8 /* ConversationFiltersViewController.swift */ = {isa = PBXFileReference; lastKnownFileType = sourcecode.swift; path = ConversationFiltersViewController.swift; sourceTree = "<group>"; };
		C559821724C129B700156093 /* Message.swift */ = {isa = PBXFileReference; lastKnownFileType = sourcecode.swift; path = Message.swift; sourceTree = "<group>"; };
		C559822224C367F700156093 /* MessageViewController.swift */ = {isa = PBXFileReference; lastKnownFileType = sourcecode.swift; path = MessageViewController.swift; sourceTree = "<group>"; };
		C559822A24CA9ABF00156093 /* Default-568h@2x.png */ = {isa = PBXFileReference; lastKnownFileType = image.png; path = "Default-568h@2x.png"; sourceTree = "<group>"; };
		C56A620424CC997A0001D957 /* SearchFilterViewController.swift */ = {isa = PBXFileReference; lastKnownFileType = sourcecode.swift; path = SearchFilterViewController.swift; sourceTree = "<group>"; };
		C56A620624CC99930001D957 /* YourProfileViewController.swift */ = {isa = PBXFileReference; lastKnownFileType = sourcecode.swift; path = YourProfileViewController.swift; sourceTree = "<group>"; };
		C56A620824CC99AC0001D957 /* EditProfileViewController.swift */ = {isa = PBXFileReference; lastKnownFileType = sourcecode.swift; path = EditProfileViewController.swift; sourceTree = "<group>"; };
		C56A620A24D085C50001D957 /* LocationUpdater.swift */ = {isa = PBXFileReference; lastKnownFileType = sourcecode.swift; path = LocationUpdater.swift; sourceTree = "<group>"; };
		C56A620E24D0E5470001D957 /* WelcomeViewController.swift */ = {isa = PBXFileReference; lastKnownFileType = sourcecode.swift; path = WelcomeViewController.swift; sourceTree = "<group>"; };
		C5ECD9F724D2115600B7A893 /* GoogleService-Info.plist */ = {isa = PBXFileReference; fileEncoding = 4; lastKnownFileType = text.plist.xml; path = "GoogleService-Info.plist"; sourceTree = "<group>"; };
		C5ECD9F924D25B0700B7A893 /* RegisterViewController.swift */ = {isa = PBXFileReference; lastKnownFileType = sourcecode.swift; path = RegisterViewController.swift; sourceTree = "<group>"; };
		C5ECD9FB24D32CDC00B7A893 /* UIView+Designable.swift */ = {isa = PBXFileReference; lastKnownFileType = sourcecode.swift; path = "UIView+Designable.swift"; sourceTree = "<group>"; };
		C5ECD9FD24D3313600B7A893 /* LoginViewController.swift */ = {isa = PBXFileReference; lastKnownFileType = sourcecode.swift; path = LoginViewController.swift; sourceTree = "<group>"; };
		C5ECD9FF24D3787700B7A893 /* InstructorViewController.swift */ = {isa = PBXFileReference; lastKnownFileType = sourcecode.swift; path = InstructorViewController.swift; sourceTree = "<group>"; };
		C5ECDA0124D37C8100B7A893 /* CertificationViewController.swift */ = {isa = PBXFileReference; lastKnownFileType = sourcecode.swift; path = CertificationViewController.swift; sourceTree = "<group>"; };
		C5ECDA0324D37CB300B7A893 /* WorkViewController.swift */ = {isa = PBXFileReference; lastKnownFileType = sourcecode.swift; path = WorkViewController.swift; sourceTree = "<group>"; };
		E257C369B87350EC6970FACB /* Pods_Instant_Instructor.framework */ = {isa = PBXFileReference; explicitFileType = wrapper.framework; includeInIndex = 0; path = Pods_Instant_Instructor.framework; sourceTree = BUILT_PRODUCTS_DIR; };
/* End PBXFileReference section */

/* Begin PBXFrameworksBuildPhase section */
		C523F01124B786B20079035A /* Frameworks */ = {
			isa = PBXFrameworksBuildPhase;
			buildActionMask = 2147483647;
			files = (
				8013A11FF8419F7FE36E4201 /* Pods_Instant_Instructor.framework in Frameworks */,
			);
			runOnlyForDeploymentPostprocessing = 0;
		};
/* End PBXFrameworksBuildPhase section */

/* Begin PBXGroup section */
		650777234F4D6B74FCCCB6BC /* Pods */ = {
			isa = PBXGroup;
			children = (
				1A322CCDD392665AC1FF9665 /* Pods-Instant Instructor.debug.xcconfig */,
				4EC57CE9CF80F5365DC25D7B /* Pods-Instant Instructor.release.xcconfig */,
			);
			path = Pods;
			sourceTree = "<group>";
		};
		921FA43B9BF2E296287A7602 /* Frameworks */ = {
			isa = PBXGroup;
			children = (
				E257C369B87350EC6970FACB /* Pods_Instant_Instructor.framework */,
			);
			name = Frameworks;
			sourceTree = "<group>";
		};
		C523F00B24B786B10079035A = {
			isa = PBXGroup;
			children = (
				C559822A24CA9ABF00156093 /* Default-568h@2x.png */,
				C523F01624B786B20079035A /* Instant Instructor */,
				C523F01524B786B20079035A /* Products */,
				650777234F4D6B74FCCCB6BC /* Pods */,
				921FA43B9BF2E296287A7602 /* Frameworks */,
			);
			sourceTree = "<group>";
		};
		C523F01524B786B20079035A /* Products */ = {
			isa = PBXGroup;
			children = (
				C523F01424B786B20079035A /* Instant Instructor.app */,
			);
			name = Products;
			sourceTree = "<group>";
		};
		C523F01624B786B20079035A /* Instant Instructor */ = {
			isa = PBXGroup;
			children = (
				C523F01724B786B20079035A /* AppDelegate.swift */,
				C523F01924B786B20079035A /* SceneDelegate.swift */,
				C559821924C12A1900156093 /* Model */,
				C559821524C128E300156093 /* View */,
				C559821624C128F600156093 /* Controller */,
				C523F02024B786BB0079035A /* Assets.xcassets */,
				C523F02224B786BB0079035A /* LaunchScreen.storyboard */,
				C523F02524B786BB0079035A /* Info.plist */,
				C5ECD9F724D2115600B7A893 /* GoogleService-Info.plist */,
				C540AE3A24D63EF30032545E /* K.swift */,
			);
			path = "Instant Instructor";
			sourceTree = "<group>";
		};
		C559821524C128E300156093 /* View */ = {
			isa = PBXGroup;
			children = (
				C523F01D24B786B20079035A /* Main.storyboard */,
				C540AE3C24D6516D0032545E /* MessageCell.swift */,
				C540AE3D24D6516D0032545E /* MessageCell.xib */,
				C540AE4224D8AAA80032545E /* MessageChoiceCell.swift */,
				C540AE4324D8AAA80032545E /* MessageChoiceCell.xib */,
				C540AE4C24D9D72A0032545E /* InstructorChoiceCell.swift */,
				C540AE4D24D9D72A0032545E /* InstructorChoiceCell.xib */,
			);
			path = View;
			sourceTree = "<group>";
		};
		C559821624C128F600156093 /* Controller */ = {
			isa = PBXGroup;
			children = (
				C559822224C367F700156093 /* MessageViewController.swift */,
				C56A620424CC997A0001D957 /* SearchFilterViewController.swift */,
				C56A620624CC99930001D957 /* YourProfileViewController.swift */,
				C56A620824CC99AC0001D957 /* EditProfileViewController.swift */,
				C56A620E24D0E5470001D957 /* WelcomeViewController.swift */,
				C5ECD9F924D25B0700B7A893 /* RegisterViewController.swift */,
				C5ECD9FD24D3313600B7A893 /* LoginViewController.swift */,
				C5ECD9FF24D3787700B7A893 /* InstructorViewController.swift */,
				C5ECDA0124D37C8100B7A893 /* CertificationViewController.swift */,
				C5ECDA0324D37CB300B7A893 /* WorkViewController.swift */,
				C540AE4024D8A9490032545E /* MessageChoiceViewController.swift */,
				C540AE4624D905BA0032545E /* InstructorProfileViewController.swift */,
				C540AE4824D9BBFE0032545E /* NewConversationViewController.swift */,
				C540AE4A24D9C29E0032545E /* SearchViewController.swift */,
				C54A9EE524E7258300878DB8 /* ConversationFiltersViewController.swift */,
			);
			path = Controller;
			sourceTree = "<group>";
		};
		C559821924C12A1900156093 /* Model */ = {
			isa = PBXGroup;
			children = (
				C559821724C129B700156093 /* Message.swift */,
				C56A620A24D085C50001D957 /* LocationUpdater.swift */,
				C5ECD9FB24D32CDC00B7A893 /* UIView+Designable.swift */,
				C53E319924DCBA73008F2322 /* User.swift */,
				C53E319F24DE2277008F2322 /* Instructor.swift */,
				C53E31C924E19DC9008F2322 /* Conversation.swift */,
			);
			path = Model;
			sourceTree = "<group>";
		};
/* End PBXGroup section */

/* Begin PBXNativeTarget section */
		C523F01324B786B20079035A /* Instant Instructor */ = {
			isa = PBXNativeTarget;
			buildConfigurationList = C523F02824B786BB0079035A /* Build configuration list for PBXNativeTarget "Instant Instructor" */;
			buildPhases = (
				5F134F1F2AEE05666D0636C5 /* [CP] Check Pods Manifest.lock */,
				C523F01024B786B20079035A /* Sources */,
				C523F01124B786B20079035A /* Frameworks */,
				C523F01224B786B20079035A /* Resources */,
				2DC3A47A35F29F133C54FDD3 /* [CP] Embed Pods Frameworks */,
			);
			buildRules = (
			);
			dependencies = (
			);
			name = "Instant Instructor";
			productName = "Find A Coach";
			productReference = C523F01424B786B20079035A /* Instant Instructor.app */;
			productType = "com.apple.product-type.application";
		};
/* End PBXNativeTarget section */

/* Begin PBXProject section */
		C523F00C24B786B20079035A /* Project object */ = {
			isa = PBXProject;
			attributes = {
				LastSwiftUpdateCheck = 1150;
				LastUpgradeCheck = 1150;
				ORGANIZATIONNAME = "Find A Coach";
				TargetAttributes = {
					C523F01324B786B20079035A = {
						CreatedOnToolsVersion = 11.5;
					};
				};
			};
			buildConfigurationList = C523F00F24B786B20079035A /* Build configuration list for PBXProject "Instant Instructor" */;
			compatibilityVersion = "Xcode 9.3";
			developmentRegion = en;
			hasScannedForEncodings = 0;
			knownRegions = (
				en,
				Base,
			);
			mainGroup = C523F00B24B786B10079035A;
			productRefGroup = C523F01524B786B20079035A /* Products */;
			projectDirPath = "";
			projectRoot = "";
			targets = (
				C523F01324B786B20079035A /* Instant Instructor */,
			);
		};
/* End PBXProject section */

/* Begin PBXResourcesBuildPhase section */
		C523F01224B786B20079035A /* Resources */ = {
			isa = PBXResourcesBuildPhase;
			buildActionMask = 2147483647;
			files = (
				C523F02424B786BB0079035A /* LaunchScreen.storyboard in Resources */,
				C540AE4F24D9D72A0032545E /* InstructorChoiceCell.xib in Resources */,
				C540AE3F24D6516D0032545E /* MessageCell.xib in Resources */,
				C559822B24CA9AC000156093 /* Default-568h@2x.png in Resources */,
				C5ECD9F824D2115600B7A893 /* GoogleService-Info.plist in Resources */,
				C540AE4524D8AAA80032545E /* MessageChoiceCell.xib in Resources */,
				C523F02124B786BB0079035A /* Assets.xcassets in Resources */,
				C523F01F24B786B20079035A /* Main.storyboard in Resources */,
			);
			runOnlyForDeploymentPostprocessing = 0;
		};
/* End PBXResourcesBuildPhase section */

/* Begin PBXShellScriptBuildPhase section */
		2DC3A47A35F29F133C54FDD3 /* [CP] Embed Pods Frameworks */ = {
			isa = PBXShellScriptBuildPhase;
			buildActionMask = 2147483647;
			files = (
			);
			inputFileListPaths = (
				"${PODS_ROOT}/Target Support Files/Pods-Instant Instructor/Pods-Instant Instructor-frameworks-${CONFIGURATION}-input-files.xcfilelist",
			);
			name = "[CP] Embed Pods Frameworks";
			outputFileListPaths = (
				"${PODS_ROOT}/Target Support Files/Pods-Instant Instructor/Pods-Instant Instructor-frameworks-${CONFIGURATION}-output-files.xcfilelist",
			);
			runOnlyForDeploymentPostprocessing = 0;
			shellPath = /bin/sh;
			shellScript = "\"${PODS_ROOT}/Target Support Files/Pods-Instant Instructor/Pods-Instant Instructor-frameworks.sh\"\n";
			showEnvVarsInLog = 0;
		};
		5F134F1F2AEE05666D0636C5 /* [CP] Check Pods Manifest.lock */ = {
			isa = PBXShellScriptBuildPhase;
			buildActionMask = 2147483647;
			files = (
			);
			inputFileListPaths = (
			);
			inputPaths = (
				"${PODS_PODFILE_DIR_PATH}/Podfile.lock",
				"${PODS_ROOT}/Manifest.lock",
			);
			name = "[CP] Check Pods Manifest.lock";
			outputFileListPaths = (
			);
			outputPaths = (
				"$(DERIVED_FILE_DIR)/Pods-Instant Instructor-checkManifestLockResult.txt",
			);
			runOnlyForDeploymentPostprocessing = 0;
			shellPath = /bin/sh;
			shellScript = "diff \"${PODS_PODFILE_DIR_PATH}/Podfile.lock\" \"${PODS_ROOT}/Manifest.lock\" > /dev/null\nif [ $? != 0 ] ; then\n    # print error to STDERR\n    echo \"error: The sandbox is not in sync with the Podfile.lock. Run 'pod install' or update your CocoaPods installation.\" >&2\n    exit 1\nfi\n# This output is used by Xcode 'outputs' to avoid re-running this script phase.\necho \"SUCCESS\" > \"${SCRIPT_OUTPUT_FILE_0}\"\n";
			showEnvVarsInLog = 0;
		};
/* End PBXShellScriptBuildPhase section */

/* Begin PBXSourcesBuildPhase section */
		C523F01024B786B20079035A /* Sources */ = {
			isa = PBXSourcesBuildPhase;
			buildActionMask = 2147483647;
			files = (
				C540AE3B24D63EF40032545E /* K.swift in Sources */,
				C56A620724CC99930001D957 /* YourProfileViewController.swift in Sources */,
				C5ECDA0224D37C8200B7A893 /* CertificationViewController.swift in Sources */,
				C56A620B24D085C50001D957 /* LocationUpdater.swift in Sources */,
				C540AE4E24D9D72A0032545E /* InstructorChoiceCell.swift in Sources */,
				C540AE4924D9BBFF0032545E /* NewConversationViewController.swift in Sources */,
				C523F01824B786B20079035A /* AppDelegate.swift in Sources */,
				C540AE4424D8AAA80032545E /* MessageChoiceCell.swift in Sources */,
				C5ECDA0424D37CB300B7A893 /* WorkViewController.swift in Sources */,
				C54A9EE624E7258300878DB8 /* ConversationFiltersViewController.swift in Sources */,
				C559821824C129B700156093 /* Message.swift in Sources */,
				C53E31A024DE2278008F2322 /* Instructor.swift in Sources */,
				C56A620524CC997B0001D957 /* SearchFilterViewController.swift in Sources */,
				C53E31CA24E19DC9008F2322 /* Conversation.swift in Sources */,
				C53E319A24DCBA73008F2322 /* User.swift in Sources */,
				C540AE4124D8A94A0032545E /* MessageChoiceViewController.swift in Sources */,
				C523F01A24B786B20079035A /* SceneDelegate.swift in Sources */,
				C540AE4B24D9C29E0032545E /* SearchViewController.swift in Sources */,
				C5ECD9FA24D25B0700B7A893 /* RegisterViewController.swift in Sources */,
				C5ECD9FC24D32CDC00B7A893 /* UIView+Designable.swift in Sources */,
				C559822324C367F700156093 /* MessageViewController.swift in Sources */,
				C5ECDA0024D3787800B7A893 /* InstructorViewController.swift in Sources */,
				C5ECD9FE24D3313600B7A893 /* LoginViewController.swift in Sources */,
				C56A620F24D0E5480001D957 /* WelcomeViewController.swift in Sources */,
				C540AE4724D905BA0032545E /* InstructorProfileViewController.swift in Sources */,
				C56A620924CC99AC0001D957 /* EditProfileViewController.swift in Sources */,
				C540AE3E24D6516D0032545E /* MessageCell.swift in Sources */,
			);
			runOnlyForDeploymentPostprocessing = 0;
		};
/* End PBXSourcesBuildPhase section */

/* Begin PBXVariantGroup section */
		C523F01D24B786B20079035A /* Main.storyboard */ = {
			isa = PBXVariantGroup;
			children = (
				C523F01E24B786B20079035A /* Base */,
			);
			name = Main.storyboard;
			sourceTree = "<group>";
		};
		C523F02224B786BB0079035A /* LaunchScreen.storyboard */ = {
			isa = PBXVariantGroup;
			children = (
				C523F02324B786BB0079035A /* Base */,
			);
			name = LaunchScreen.storyboard;
			sourceTree = "<group>";
		};
/* End PBXVariantGroup section */

/* Begin XCBuildConfiguration section */
		C523F02624B786BB0079035A /* Debug */ = {
			isa = XCBuildConfiguration;
			buildSettings = {
				ALWAYS_SEARCH_USER_PATHS = NO;
				CLANG_ANALYZER_NONNULL = YES;
				CLANG_ANALYZER_NUMBER_OBJECT_CONVERSION = YES_AGGRESSIVE;
				CLANG_CXX_LANGUAGE_STANDARD = "gnu++14";
				CLANG_CXX_LIBRARY = "libc++";
				CLANG_ENABLE_MODULES = YES;
				CLANG_ENABLE_OBJC_ARC = YES;
				CLANG_ENABLE_OBJC_WEAK = YES;
				CLANG_WARN_BLOCK_CAPTURE_AUTORELEASING = YES;
				CLANG_WARN_BOOL_CONVERSION = YES;
				CLANG_WARN_COMMA = YES;
				CLANG_WARN_CONSTANT_CONVERSION = YES;
				CLANG_WARN_DEPRECATED_OBJC_IMPLEMENTATIONS = YES;
				CLANG_WARN_DIRECT_OBJC_ISA_USAGE = YES_ERROR;
				CLANG_WARN_DOCUMENTATION_COMMENTS = YES;
				CLANG_WARN_EMPTY_BODY = YES;
				CLANG_WARN_ENUM_CONVERSION = YES;
				CLANG_WARN_INFINITE_RECURSION = YES;
				CLANG_WARN_INT_CONVERSION = YES;
				CLANG_WARN_NON_LITERAL_NULL_CONVERSION = YES;
				CLANG_WARN_OBJC_IMPLICIT_RETAIN_SELF = YES;
				CLANG_WARN_OBJC_LITERAL_CONVERSION = YES;
				CLANG_WARN_OBJC_ROOT_CLASS = YES_ERROR;
				CLANG_WARN_RANGE_LOOP_ANALYSIS = YES;
				CLANG_WARN_STRICT_PROTOTYPES = YES;
				CLANG_WARN_SUSPICIOUS_MOVE = YES;
				CLANG_WARN_UNGUARDED_AVAILABILITY = YES_AGGRESSIVE;
				CLANG_WARN_UNREACHABLE_CODE = YES;
				CLANG_WARN__DUPLICATE_METHOD_MATCH = YES;
				COPY_PHASE_STRIP = NO;
				DEBUG_INFORMATION_FORMAT = dwarf;
				ENABLE_STRICT_OBJC_MSGSEND = YES;
				ENABLE_TESTABILITY = YES;
				GCC_C_LANGUAGE_STANDARD = gnu11;
				GCC_DYNAMIC_NO_PIC = NO;
				GCC_NO_COMMON_BLOCKS = YES;
				GCC_OPTIMIZATION_LEVEL = 0;
				GCC_PREPROCESSOR_DEFINITIONS = (
					"DEBUG=1",
					"$(inherited)",
				);
				GCC_WARN_64_TO_32_BIT_CONVERSION = YES;
				GCC_WARN_ABOUT_RETURN_TYPE = YES_ERROR;
				GCC_WARN_UNDECLARED_SELECTOR = YES;
				GCC_WARN_UNINITIALIZED_AUTOS = YES_AGGRESSIVE;
				GCC_WARN_UNUSED_FUNCTION = YES;
				GCC_WARN_UNUSED_VARIABLE = YES;
				IPHONEOS_DEPLOYMENT_TARGET = 13.5;
				MTL_ENABLE_DEBUG_INFO = INCLUDE_SOURCE;
				MTL_FAST_MATH = YES;
				ONLY_ACTIVE_ARCH = YES;
				SDKROOT = iphoneos;
				SWIFT_ACTIVE_COMPILATION_CONDITIONS = DEBUG;
				SWIFT_OPTIMIZATION_LEVEL = "-Onone";
			};
			name = Debug;
		};
		C523F02724B786BB0079035A /* Release */ = {
			isa = XCBuildConfiguration;
			buildSettings = {
				ALWAYS_SEARCH_USER_PATHS = NO;
				CLANG_ANALYZER_NONNULL = YES;
				CLANG_ANALYZER_NUMBER_OBJECT_CONVERSION = YES_AGGRESSIVE;
				CLANG_CXX_LANGUAGE_STANDARD = "gnu++14";
				CLANG_CXX_LIBRARY = "libc++";
				CLANG_ENABLE_MODULES = YES;
				CLANG_ENABLE_OBJC_ARC = YES;
				CLANG_ENABLE_OBJC_WEAK = YES;
				CLANG_WARN_BLOCK_CAPTURE_AUTORELEASING = YES;
				CLANG_WARN_BOOL_CONVERSION = YES;
				CLANG_WARN_COMMA = YES;
				CLANG_WARN_CONSTANT_CONVERSION = YES;
				CLANG_WARN_DEPRECATED_OBJC_IMPLEMENTATIONS = YES;
				CLANG_WARN_DIRECT_OBJC_ISA_USAGE = YES_ERROR;
				CLANG_WARN_DOCUMENTATION_COMMENTS = YES;
				CLANG_WARN_EMPTY_BODY = YES;
				CLANG_WARN_ENUM_CONVERSION = YES;
				CLANG_WARN_INFINITE_RECURSION = YES;
				CLANG_WARN_INT_CONVERSION = YES;
				CLANG_WARN_NON_LITERAL_NULL_CONVERSION = YES;
				CLANG_WARN_OBJC_IMPLICIT_RETAIN_SELF = YES;
				CLANG_WARN_OBJC_LITERAL_CONVERSION = YES;
				CLANG_WARN_OBJC_ROOT_CLASS = YES_ERROR;
				CLANG_WARN_RANGE_LOOP_ANALYSIS = YES;
				CLANG_WARN_STRICT_PROTOTYPES = YES;
				CLANG_WARN_SUSPICIOUS_MOVE = YES;
				CLANG_WARN_UNGUARDED_AVAILABILITY = YES_AGGRESSIVE;
				CLANG_WARN_UNREACHABLE_CODE = YES;
				CLANG_WARN__DUPLICATE_METHOD_MATCH = YES;
				COPY_PHASE_STRIP = NO;
				DEBUG_INFORMATION_FORMAT = "dwarf-with-dsym";
				ENABLE_NS_ASSERTIONS = NO;
				ENABLE_STRICT_OBJC_MSGSEND = YES;
				GCC_C_LANGUAGE_STANDARD = gnu11;
				GCC_NO_COMMON_BLOCKS = YES;
				GCC_WARN_64_TO_32_BIT_CONVERSION = YES;
				GCC_WARN_ABOUT_RETURN_TYPE = YES_ERROR;
				GCC_WARN_UNDECLARED_SELECTOR = YES;
				GCC_WARN_UNINITIALIZED_AUTOS = YES_AGGRESSIVE;
				GCC_WARN_UNUSED_FUNCTION = YES;
				GCC_WARN_UNUSED_VARIABLE = YES;
				IPHONEOS_DEPLOYMENT_TARGET = 13.5;
				MTL_ENABLE_DEBUG_INFO = NO;
				MTL_FAST_MATH = YES;
				SDKROOT = iphoneos;
				SWIFT_COMPILATION_MODE = wholemodule;
				SWIFT_OPTIMIZATION_LEVEL = "-O";
				VALIDATE_PRODUCT = YES;
			};
			name = Release;
		};
		C523F02924B786BB0079035A /* Debug */ = {
			isa = XCBuildConfiguration;
			baseConfigurationReference = 1A322CCDD392665AC1FF9665 /* Pods-Instant Instructor.debug.xcconfig */;
			buildSettings = {
				ASSETCATALOG_COMPILER_APPICON_NAME = AppIcon;
				CODE_SIGN_STYLE = Automatic;
				DEVELOPMENT_TEAM = H77LY4JCN7;
				GCC_DYNAMIC_NO_PIC = YES;
				INFOPLIST_FILE = "Instant Instructor/Info.plist";
				IPHONEOS_DEPLOYMENT_TARGET = 13.5;
				LD_NO_PIE = YES;
				LD_RUNPATH_SEARCH_PATHS = (
					"$(inherited)",
					"@executable_path/Frameworks",
				);
				PRODUCT_BUNDLE_IDENTIFIER = "com.instantinstructorapp.Instant-Instructor";
				PRODUCT_NAME = "Instant Instructor";
				SWIFT_VERSION = 5.0;
				TARGETED_DEVICE_FAMILY = "1,2";
			};
			name = Debug;
		};
		C523F02A24B786BB0079035A /* Release */ = {
			isa = XCBuildConfiguration;
			baseConfigurationReference = 4EC57CE9CF80F5365DC25D7B /* Pods-Instant Instructor.release.xcconfig */;
			buildSettings = {
				ASSETCATALOG_COMPILER_APPICON_NAME = AppIcon;
				CODE_SIGN_STYLE = Automatic;
				DEVELOPMENT_TEAM = H77LY4JCN7;
				GCC_DYNAMIC_NO_PIC = YES;
				INFOPLIST_FILE = "Instant Instructor/Info.plist";
				IPHONEOS_DEPLOYMENT_TARGET = 13.5;
				LD_NO_PIE = YES;
				LD_RUNPATH_SEARCH_PATHS = (
					"$(inherited)",
					"@executable_path/Frameworks",
				);
				PRODUCT_BUNDLE_IDENTIFIER = "com.instantinstructorapp.Instant-Instructor";
				PRODUCT_NAME = "Instant Instructor";
				SWIFT_VERSION = 5.0;
				TARGETED_DEVICE_FAMILY = "1,2";
			};
			name = Release;
		};
/* End XCBuildConfiguration section */

/* Begin XCConfigurationList section */
		C523F00F24B786B20079035A /* Build configuration list for PBXProject "Instant Instructor" */ = {
			isa = XCConfigurationList;
			buildConfigurations = (
				C523F02624B786BB0079035A /* Debug */,
				C523F02724B786BB0079035A /* Release */,
			);
			defaultConfigurationIsVisible = 0;
			defaultConfigurationName = Release;
		};
		C523F02824B786BB0079035A /* Build configuration list for PBXNativeTarget "Instant Instructor" */ = {
			isa = XCConfigurationList;
			buildConfigurations = (
				C523F02924B786BB0079035A /* Debug */,
				C523F02A24B786BB0079035A /* Release */,
			);
			defaultConfigurationIsVisible = 0;
			defaultConfigurationName = Release;
		};
/* End XCConfigurationList section */
	};
	rootObject = C523F00C24B786B20079035A /* Project object */;
}
